
Microsoft Visual Studio Solution File, Format Version 12.00
# Visual Studio Version 17
VisualStudioVersion = 17.14.36301.6 d17.14
MinimumVisualStudioVersion = 10.0.40219.1
Project("{FAE04EC0-301F-11D3-BF4B-00C04F79EFBC}") = "DOAN_BTF", "DOAN_BTF.csproj", "{E0E60B59-D545-45E7-9690-F1579C6BF233}"
EndProject
Global
	GlobalSection(SolutionConfigurationPlatforms) = preSolution
		Debug|Any CPU = Debug|Any CPU
		Release|Any CPU = Release|Any CPU
	EndGlobalSection
	GlobalSection(ProjectConfigurationPlatforms) = postSolution
		{E0E60B59-D545-45E7-9690-F1579C6BF233}.Debug|Any CPU.ActiveCfg = Debug|Any CPU
		{E0E60B59-D545-45E7-9690-F1579C6BF233}.Debug|Any CPU.Build.0 = Debug|Any CPU
		{E0E60B59-D545-45E7-9690-F1579C6BF233}.Release|Any CPU.ActiveCfg = Release|Any CPU
		{E0E60B59-D545-45E7-9690-F1579C6BF233}.Release|Any CPU.Build.0 = Release|Any CPU
	EndGlobalSection
	GlobalSection(SolutionProperties) = preSolution
		HideSolutionNode = FALSE
	EndGlobalSection
	GlobalSection(ExtensibilityGlobals) = postSolution
		SolutionGuid = {8F60223B-F06A-4A28-AD8A-2E02793C8BDF}
	EndGlobalSection
EndGlobal
